# THIS IS AN AUTOGENERATED FILE. DO NOT EDIT THIS FILE DIRECTLY.
# yarn lockfile v1


colors@~0.6.1:
  version "0.6.2"
  resolved "https://registry.yarnpkg.com/colors/-/colors-0.6.2.tgz#2423fe6678ac0c5dae8852e5d0e5be08c997abcc"
  integrity sha1-JCP+ZnisDF2uiFLl0OW+CMmXq8w=

commander@~2.0.0:
  version "2.0.0"
  resolved "https://registry.yarnpkg.com/commander/-/commander-2.0.0.tgz#d1b86f901f8b64bd941bdeadaf924530393be928"
  integrity sha1-0bhvkB+LZL2UG96tr5JFMDk76Sg=

localserver@^0.1.4:
  version "0.1.4"
  resolved "https://registry.yarnpkg.com/localserver/-/localserver-0.1.4.tgz#19a1dc7ea143c971697f4502308427f896130f17"
  integrity sha1-GaHcfqFDyXFpf0UCMIQn+JYTDxc=
  dependencies:
    colors "~0.6.1"
    commander "~2.0.0"
    mime "~1.2.10"
    underscore "~1.5.1"
    underscore.string "~2.3.3"

mime@~1.2.10:
  version "1.2.11"
  resolved "https://registry.yarnpkg.com/mime/-/mime-1.2.11.tgz#58203eed86e3a5ef17aed2b7d9ebd47f0a60dd10"
  integrity sha1-WCA+7Ybjpe8XrtK32evUfwpg3RA=

underscore.string@~2.3.3:
  version "2.3.3"
  resolved "https://registry.yarnpkg.com/underscore.string/-/underscore.string-2.3.3.tgz#71c08bf6b428b1133f37e78fa3a21c82f7329b0d"
  integrity sha1-ccCL9rQosRM/N+ePo6Icgvcymw0=

underscore@~1.5.1:
  version "1.5.2"
  resolved "https://registry.yarnpkg.com/underscore/-/underscore-1.5.2.tgz#1335c5e4f5e6d33bbb4b006ba8c86a00f556de08"
  integrity sha1-EzXF5PXm0zu7SwBrqMhqAPVW3gg=
